
Microsoft Visual Studio Solution File, Format Version 12.00
# Visual Studio Version 17
VisualStudioVersion = 17.4.33122.133
MinimumVisualStudioVersion = 10.0.40219.1
Project("{9A19103F-16F7-4668-BE54-9A1E7A4F7556}") = "ChatServer", "ChatServer\ChatServer.csproj", "{66986AFF-5A27-4ABB-852E-A8B7E59D16F0}"
EndProject
Project("{9A19103F-16F7-4668-BE54-9A1E7A4F7556}") = "ChatClient", "ChatClient\ChatClient.csproj", "{2B8483E8-3584-40D8-9D10-99F7F6786092}"
EndProject
Global
	GlobalSection(SolutionConfigurationPlatforms) = preSolution
		Debug|Any CPU = Debug|Any CPU
		Release|Any CPU = Release|Any CPU
	EndGlobalSection
	GlobalSection(ProjectConfigurationPlatforms) = postSolution
		{66986AFF-5A27-4ABB-852E-A8B7E59D16F0}.Debug|Any CPU.ActiveCfg = Debug|Any CPU
		{66986AFF-5A27-4ABB-852E-A8B7E59D16F0}.Debug|Any CPU.Build.0 = Debug|Any CPU
		{66986AFF-5A27-4ABB-852E-A8B7E59D16F0}.Release|Any CPU.ActiveCfg = Release|Any CPU
		{66986AFF-5A27-4ABB-852E-A8B7E59D16F0}.Release|Any CPU.Build.0 = Release|Any CPU
		{2B8483E8-3584-40D8-9D10-99F7F6786092}.Debug|Any CPU.ActiveCfg = Debug|Any CPU
		{2B8483E8-3584-40D8-9D10-99F7F6786092}.Debug|Any CPU.Build.0 = Debug|Any CPU
		{2B8483E8-3584-40D8-9D10-99F7F6786092}.Release|Any CPU.ActiveCfg = Release|Any CPU
		{2B8483E8-3584-40D8-9D10-99F7F6786092}.Release|Any CPU.Build.0 = Release|Any CPU
	EndGlobalSection
	GlobalSection(SolutionProperties) = preSolution
		HideSolutionNode = FALSE
	EndGlobalSection
	GlobalSection(ExtensibilityGlobals) = postSolution
		SolutionGuid = {571E5746-49BD-4FF1-9E03-7318F1F4F6D7}
	EndGlobalSection
EndGlobal
